
Microsoft Visual Studio Solution File, Format Version 12.00
# Visual Studio 2013
VisualStudioVersion = 12.0.21005.1
MinimumVisualStudioVersion = 10.0.40219.1
Project("{FAE04EC0-301F-11D3-BF4B-00C04F79EFBC}") = "Contabilidad.API", "Contabilidad\Contabilidad.API.csproj", "{578B7401-F607-47DE-823B-45B07C00B5AE}"
EndProject
Project("{FAE04EC0-301F-11D3-BF4B-00C04F79EFBC}") = "Contabilidad.Tests", "Contabilidad.Tests\Contabilidad.Tests.csproj", "{9A809D09-FB44-4D81-A1C4-BEA14C413D17}"
EndProject
Project("{FAE04EC0-301F-11D3-BF4B-00C04F79EFBC}") = "Contabilidad.Web", "Contabilidad_Web\Contabilidad.Web.csproj", "{87543FE7-D27E-4509-980B-A722AA9BF916}"
	ProjectSection(ProjectDependencies) = postProject
		{578B7401-F607-47DE-823B-45B07C00B5AE} = {578B7401-F607-47DE-823B-45B07C00B5AE}
	EndProjectSection
EndProject
Project("{FAE04EC0-301F-11D3-BF4B-00C04F79EFBC}") = "WebApplication1", "WebApplication1\WebApplication1.csproj", "{3D904592-FD57-4705-BF3C-22314A8FB12A}"
EndProject
Global
	GlobalSection(SolutionConfigurationPlatforms) = preSolution
		Debug|Any CPU = Debug|Any CPU
		Release|Any CPU = Release|Any CPU
	EndGlobalSection
	GlobalSection(ProjectConfigurationPlatforms) = postSolution
		{578B7401-F607-47DE-823B-45B07C00B5AE}.Debug|Any CPU.ActiveCfg = Debug|Any CPU
		{578B7401-F607-47DE-823B-45B07C00B5AE}.Debug|Any CPU.Build.0 = Debug|Any CPU
		{578B7401-F607-47DE-823B-45B07C00B5AE}.Release|Any CPU.ActiveCfg = Release|Any CPU
		{578B7401-F607-47DE-823B-45B07C00B5AE}.Release|Any CPU.Build.0 = Release|Any CPU
		{9A809D09-FB44-4D81-A1C4-BEA14C413D17}.Debug|Any CPU.ActiveCfg = Debug|Any CPU
		{9A809D09-FB44-4D81-A1C4-BEA14C413D17}.Debug|Any CPU.Build.0 = Debug|Any CPU
		{9A809D09-FB44-4D81-A1C4-BEA14C413D17}.Release|Any CPU.ActiveCfg = Release|Any CPU
		{9A809D09-FB44-4D81-A1C4-BEA14C413D17}.Release|Any CPU.Build.0 = Release|Any CPU
		{87543FE7-D27E-4509-980B-A722AA9BF916}.Debug|Any CPU.ActiveCfg = Debug|Any CPU
		{87543FE7-D27E-4509-980B-A722AA9BF916}.Debug|Any CPU.Build.0 = Debug|Any CPU
		{87543FE7-D27E-4509-980B-A722AA9BF916}.Release|Any CPU.ActiveCfg = Release|Any CPU
		{87543FE7-D27E-4509-980B-A722AA9BF916}.Release|Any CPU.Build.0 = Release|Any CPU
		{3D904592-FD57-4705-BF3C-22314A8FB12A}.Debug|Any CPU.ActiveCfg = Debug|Any CPU
		{3D904592-FD57-4705-BF3C-22314A8FB12A}.Debug|Any CPU.Build.0 = Debug|Any CPU
		{3D904592-FD57-4705-BF3C-22314A8FB12A}.Release|Any CPU.ActiveCfg = Release|Any CPU
		{3D904592-FD57-4705-BF3C-22314A8FB12A}.Release|Any CPU.Build.0 = Release|Any CPU
	EndGlobalSection
	GlobalSection(SolutionProperties) = preSolution
		HideSolutionNode = FALSE
	EndGlobalSection
EndGlobal
